{
  "requires": true,
  "lockfileVersion": 1,
  "dependencies": {
    "vue-multilanguage": {
      "version": "4.0.9",
      "resolved": "https://registry.npmjs.org/vue-multilanguage/-/vue-multilanguage-4.0.9.tgz",
      "integrity": "sha512-vOZ9Cc4ydFmrjU9P7zNFfZFjCGiP6P4snHblh4sdIhHKoRefAPXppIqSFE/pjIE6ot00zhRz+bzWtWXZ2kDTTQ=="
    }
  }
}
